{
  "name": "@rbxts/PremiumWrapperRedux",
  "version": "1.0.0",
  "lockfileVersion": 1,
  "requires": true,
  "dependencies": {
    "@rbxts/compiler-types": {
      "version": "1.0.0-beta.16.1",
      "resolved": "https://registry.npmjs.org/@rbxts/compiler-types/-/compiler-types-1.0.0-beta.16.1.tgz",
      "integrity": "sha512-Z3sDPoxEVS+u8i4eo/cH+utBf3W4hb3J71XrtKbbFHYL7jqhXWjkEF10kJomGfwiCd2+aBRMnPtlfyce3B/3/Q==",
      "dev": true
    },
    "@rbxts/types": {
      "version": "1.0.464",
      "resolved": "https://registry.npmjs.org/@rbxts/types/-/types-1.0.464.tgz",
      "integrity": "sha512-Cvue6G8WoTUjqu+n0ioyoOYObokMrrkxKsnzv0r62BuhiUCtdwAicDLUkcHTN820vtWpooyk58uiQzqOUzpedg==",
      "dev": true
    }
  }
}
